{
  "version": 4,
  "terraform_version": "1.14.8",
  "serial": 3,
  "lineage": "9071d571-fbda-4a79-5df0-d1e165d33736",
  "outputs": {
    "acr_login_server": {
      "value": "jayanthragacr1.azurecr.io",
      "type": "string"
    },
    "acr_name": {
      "value": "jayanthragacr1",
      "type": "string"
    },
    "resource_group_name": {
      "value": "ai-rag-assistant-rg",
      "type": "string"
    }
  },
  "resources": [
    {
      "mode": "managed",
      "type": "azurerm_container_registry",
      "name": "rag_acr",
      "provider": "provider[\"registry.terraform.io/hashicorp/azurerm\"]",
      "instances": [
        {
          "schema_version": 2,
          "attributes": {
            "admin_enabled": true,
            "admin_password": "ADCwKoLXJPvJYMzDUc9XfufYhtRWyXpScQT8mayteFofJbs3uzStJQQJ99CGACYeBjFEqg7NAAACAZCRrFYw",
            "admin_username": "jayanthragacr1",
            "anonymous_pull_enabled": false,
            "data_endpoint_enabled": false,
            "encryption": [
              {
                "enabled": false,
                "identity_client_id": "",
                "key_vault_key_id": ""
              }
            ],
            "export_policy_enabled": true,
            "georeplications": [],
            "id": "/subscriptions/66d77520-be68-4527-949c-822fe9719d82/resourceGroups/ai-rag-assistant-rg/providers/Microsoft.ContainerRegistry/registries/jayanthragacr1",
            "identity": [],
            "location": "eastus",
            "login_server": "jayanthragacr1.azurecr.io",
            "name": "jayanthragacr1",
            "network_rule_bypass_option": "AzureServices",
            "network_rule_set": [],
            "public_network_access_enabled": true,
            "quarantine_policy_enabled": false,
            "resource_group_name": "ai-rag-assistant-rg",
            "retention_policy": [
              {
                "days": 7,
                "enabled": false
              }
            ],
            "sku": "Basic",
            "tags": null,
            "timeouts": null,
            "trust_policy": [
              {
                "enabled": false
              }
            ],
            "zone_redundancy_enabled": false
          },
          "sensitive_attributes": [
            [
              {
                "type": "get_attr",
                "value": "admin_password"
              }
            ]
          ],
          "identity_schema_version": 0,
          "private": "eyJlMmJmYjczMC1lY2FhLTExZTYtOGY4OC0zNDM2M2JjN2M0YzAiOnsiY3JlYXRlIjoxODAwMDAwMDAwMDAwLCJkZWxldGUiOjE4MDAwMDAwMDAwMDAsInJlYWQiOjMwMDAwMDAwMDAwMCwidXBkYXRlIjoxODAwMDAwMDAwMDAwfSwic2NoZW1hX3ZlcnNpb24iOiIyIn0=",
          "dependencies": [
            "azurerm_resource_group.rag_rg"
          ]
        }
      ]
    },
    {
      "mode": "managed",
      "type": "azurerm_resource_group",
      "name": "rag_rg",
      "provider": "provider[\"registry.terraform.io/hashicorp/azurerm\"]",
      "instances": [
        {
          "schema_version": 0,
          "attributes": {
            "id": "/subscriptions/66d77520-be68-4527-949c-822fe9719d82/resourceGroups/ai-rag-assistant-rg",
            "location": "eastus",
            "managed_by": "",
            "name": "ai-rag-assistant-rg",
            "tags": null,
            "timeouts": null
          },
          "sensitive_attributes": [],
          "identity_schema_version": 0,
          "private": "eyJlMmJmYjczMC1lY2FhLTExZTYtOGY4OC0zNDM2M2JjN2M0YzAiOnsiY3JlYXRlIjo1NDAwMDAwMDAwMDAwLCJkZWxldGUiOjU0MDAwMDAwMDAwMDAsInJlYWQiOjMwMDAwMDAwMDAwMCwidXBkYXRlIjo1NDAwMDAwMDAwMDAwfX0="
        }
      ]
    }
  ],
  "check_results": null
}
